
Microsoft Visual Studio Solution File, Format Version 12.00
# Visual Studio Version 16
VisualStudioVersion = 16.0.31019.35
MinimumVisualStudioVersion = 10.0.40219.1
Project("{FAE04EC0-301F-11D3-BF4B-00C04F79EFBC}") = "Pyaterochka", "Pyaterochka\Pyaterochka.csproj", "{0255ABF1-3F7A-4DB1-9BDB-CE8CDF9A6A4C}"
EndProject
Project("{FAE04EC0-301F-11D3-BF4B-00C04F79EFBC}") = "GoodsClasses", "GoodsClasses\GoodsClasses.csproj", "{406C9DCB-EA63-40B7-9DDE-890CA80EABCA}"
EndProject
Global
	GlobalSection(SolutionConfigurationPlatforms) = preSolution
		Debug|Any CPU = Debug|Any CPU
		Release|Any CPU = Release|Any CPU
	EndGlobalSection
	GlobalSection(ProjectConfigurationPlatforms) = postSolution
		{0255ABF1-3F7A-4DB1-9BDB-CE8CDF9A6A4C}.Debug|Any CPU.ActiveCfg = Debug|Any CPU
		{0255ABF1-3F7A-4DB1-9BDB-CE8CDF9A6A4C}.Debug|Any CPU.Build.0 = Debug|Any CPU
		{0255ABF1-3F7A-4DB1-9BDB-CE8CDF9A6A4C}.Release|Any CPU.ActiveCfg = Release|Any CPU
		{0255ABF1-3F7A-4DB1-9BDB-CE8CDF9A6A4C}.Release|Any CPU.Build.0 = Release|Any CPU
		{406C9DCB-EA63-40B7-9DDE-890CA80EABCA}.Debug|Any CPU.ActiveCfg = Debug|Any CPU
		{406C9DCB-EA63-40B7-9DDE-890CA80EABCA}.Debug|Any CPU.Build.0 = Debug|Any CPU
		{406C9DCB-EA63-40B7-9DDE-890CA80EABCA}.Release|Any CPU.ActiveCfg = Release|Any CPU
		{406C9DCB-EA63-40B7-9DDE-890CA80EABCA}.Release|Any CPU.Build.0 = Release|Any CPU
	EndGlobalSection
	GlobalSection(SolutionProperties) = preSolution
		HideSolutionNode = FALSE
	EndGlobalSection
	GlobalSection(ExtensibilityGlobals) = postSolution
		SolutionGuid = {D76DCC9F-C196-4525-AB93-8E30D287B6E6}
	EndGlobalSection
EndGlobal
